{
  "name": "totals",
  "version": "1.0.0",
  "lockfileVersion": 1,
  "requires": true,
  "dependencies": {
    "@types/arcgis-js-api": {
      "version": "http://jscore.esri.com/javascript/latest/api-reference/typings/arcgis-js-api-4.16.tgz",
      "integrity": "sha512-yvSUDCO9C9vQtIcoFxzbpDRZ6cz7N94jAWMFJIKdQYjdDM0lPC/p6DpQXTHamBReiA4+sZm+iqmGuSqtYwDUGA==",
      "dev": true
    }
  }
}
